// !$*UTF8*$!
{
	archiveVersion = 1;
	classes = {
	};
	objectVersion = 42;
	objects = {

/* Begin PBXBuildFile section */
		8DD76F6A0486A84900D96B5E /* ntupleTest.1 in CopyFiles */ = {isa = PBXBuildFile; fileRef = C6859E8B029090EE04C91782 /* ntupleTest.1 */; };
		C42C99160B869B51000F6E23 /* ntupleTest.cc in Sources */ = {isa = PBXBuildFile; fileRef = C42C99150B869B51000F6E23 /* ntupleTest.cc */; };
		C42C991B0B869B89000F6E23 /* debug.h in CopyFiles */ = {isa = PBXBuildFile; fileRef = C42C99190B869B89000F6E23 /* debug.h */; };
		C42C991C0B869B89000F6E23 /* ntuple.h in CopyFiles */ = {isa = PBXBuildFile; fileRef = C42C991A0B869B89000F6E23 /* ntuple.h */; };
		C4DF81100AFA938C00BAF0BD /* libstdc++.6.dylib in CopyFiles */ = {isa = PBXBuildFile; fileRef = C4DF810F0AFA938C00BAF0BD /* libstdc++.6.dylib */; };
/* End PBXBuildFile section */

/* Begin PBXCopyFilesBuildPhase section */
		8DD76F690486A84900D96B5E /* CopyFiles */ = {
			isa = PBXCopyFilesBuildPhase;
			buildActionMask = 8;
			dstPath = /usr/share/man/man1/;
			dstSubfolderSpec = 0;
			files = (
				8DD76F6A0486A84900D96B5E /* ntupleTest.1 in CopyFiles */,
				C4DF81100AFA938C00BAF0BD /* libstdc++.6.dylib in CopyFiles */,
				C42C991B0B869B89000F6E23 /* debug.h in CopyFiles */,
				C42C991C0B869B89000F6E23 /* ntuple.h in CopyFiles */,
			);
			runOnlyForDeploymentPostprocessing = 1;
		};
/* End PBXCopyFilesBuildPhase section */

/* Begin PBXFileReference section */
		8DD76F6C0486A84900D96B5E /* ntupleTest */ = {isa = PBXFileReference; explicitFileType = "compiled.mach-o.executable"; includeInIndex = 0; path = ntupleTest; sourceTree = BUILT_PRODUCTS_DIR; };
		C42C99150B869B51000F6E23 /* ntupleTest.cc */ = {isa = PBXFileReference; fileEncoding = 30; lastKnownFileType = sourcecode.cpp.cpp; path = ntupleTest.cc; sourceTree = "<group>"; };
		C42C99190B869B89000F6E23 /* debug.h */ = {isa = PBXFileReference; fileEncoding = 30; lastKnownFileType = sourcecode.c.h; name = debug.h; path = ../../debug.h; sourceTree = SOURCE_ROOT; };
		C42C991A0B869B89000F6E23 /* ntuple.h */ = {isa = PBXFileReference; fileEncoding = 30; lastKnownFileType = sourcecode.c.h; name = ntuple.h; path = ../../ntuple.h; sourceTree = SOURCE_ROOT; };
		C4DF810F0AFA938C00BAF0BD /* libstdc++.6.dylib */ = {isa = PBXFileReference; lastKnownFileType = "compiled.mach-o"; name = "libstdc++.6.dylib"; path = "/Developer/SDKs/MacOSX10.5.sdk/usr/lib/libstdc++.6.dylib"; sourceTree = "<absolute>"; };
		C6859E8B029090EE04C91782 /* ntupleTest.1 */ = {isa = PBXFileReference; lastKnownFileType = text.man; path = ntupleTest.1; sourceTree = "<group>"; };
/* End PBXFileReference section */

/* Begin PBXFrameworksBuildPhase section */
		8DD76F660486A84900D96B5E /* Frameworks */ = {
			isa = PBXFrameworksBuildPhase;
			buildActionMask = 2147483647;
			files = (
			);
			runOnlyForDeploymentPostprocessing = 0;
		};
/* End PBXFrameworksBuildPhase section */

/* Begin PBXGroup section */
		0249A662FF388D9811CA2CEA /* External Frameworks and Libraries */ = {
			isa = PBXGroup;
			children = (
				C4DF810F0AFA938C00BAF0BD /* libstdc++.6.dylib */,
			);
			name = "External Frameworks and Libraries";
			sourceTree = "<group>";
		};
		08FB7794FE84155DC02AAC07 /* ntupleTest */ = {
			isa = PBXGroup;
			children = (
				08FB7795FE84155DC02AAC07 /* Source */,
				C6859E8C029090F304C91782 /* Documentation */,
				0249A662FF388D9811CA2CEA /* External Frameworks and Libraries */,
				1AB674ADFE9D54B511CA2CBB /* Products */,
			);
			name = ntupleTest;
			sourceTree = "<group>";
		};
		08FB7795FE84155DC02AAC07 /* Source */ = {
			isa = PBXGroup;
			children = (
				C42C99190B869B89000F6E23 /* debug.h */,
				C42C991A0B869B89000F6E23 /* ntuple.h */,
				C42C99150B869B51000F6E23 /* ntupleTest.cc */,
			);
			name = Source;
			sourceTree = "<group>";
		};
		1AB674ADFE9D54B511CA2CBB /* Products */ = {
			isa = PBXGroup;
			children = (
				8DD76F6C0486A84900D96B5E /* ntupleTest */,
			);
			name = Products;
			sourceTree = "<group>";
		};
		C6859E8C029090F304C91782 /* Documentation */ = {
			isa = PBXGroup;
			children = (
				C6859E8B029090EE04C91782 /* ntupleTest.1 */,
			);
			name = Documentation;
			sourceTree = "<group>";
		};
/* End PBXGroup section */

/* Begin PBXNativeTarget section */
		8DD76F620486A84900D96B5E /* ntupleTest */ = {
			isa = PBXNativeTarget;
			buildConfigurationList = C4DF81030AFA92D600BAF0BD /* Build configuration list for PBXNativeTarget "ntupleTest" */;
			buildPhases = (
				8DD76F640486A84900D96B5E /* Sources */,
				8DD76F660486A84900D96B5E /* Frameworks */,
				8DD76F690486A84900D96B5E /* CopyFiles */,
			);
			buildRules = (
			);
			dependencies = (
			);
			name = ntupleTest;
			productInstallPath = "$(HOME)/bin";
			productName = ntupleTest;
			productReference = 8DD76F6C0486A84900D96B5E /* ntupleTest */;
			productType = "com.apple.product-type.tool";
		};
/* End PBXNativeTarget section */

/* Begin PBXProject section */
		08FB7793FE84155DC02AAC07 /* Project object */ = {
			isa = PBXProject;
			buildConfigurationList = C4DF81070AFA92D600BAF0BD /* Build configuration list for PBXProject "ntupleTest" */;
			compatibilityVersion = "Xcode 2.4";
			hasScannedForEncodings = 1;
			mainGroup = 08FB7794FE84155DC02AAC07 /* ntupleTest */;
			projectDirPath = "";
			projectRoot = "";
			targets = (
				8DD76F620486A84900D96B5E /* ntupleTest */,
			);
		};
/* End PBXProject section */

/* Begin PBXSourcesBuildPhase section */
		8DD76F640486A84900D96B5E /* Sources */ = {
			isa = PBXSourcesBuildPhase;
			buildActionMask = 2147483647;
			files = (
				C42C99160B869B51000F6E23 /* ntupleTest.cc in Sources */,
			);
			runOnlyForDeploymentPostprocessing = 0;
		};
/* End PBXSourcesBuildPhase section */

/* Begin XCBuildConfiguration section */
		C4DF81040AFA92D600BAF0BD /* Development */ = {
			isa = XCBuildConfiguration;
			buildSettings = {
				COPY_PHASE_STRIP = NO;
				GCC_DYNAMIC_NO_PIC = NO;
				GCC_ENABLE_FIX_AND_CONTINUE = YES;
				GCC_GENERATE_DEBUGGING_SYMBOLS = YES;
				GCC_OPTIMIZATION_LEVEL = 0;
				INSTALL_PATH = "$(HOME)/bin";
				PRODUCT_NAME = ntupleTest;
				ZERO_LINK = YES;
			};
			name = Development;
		};
		C4DF81050AFA92D600BAF0BD /* Deployment */ = {
			isa = XCBuildConfiguration;
			buildSettings = {
				COPY_PHASE_STRIP = YES;
				GCC_ENABLE_FIX_AND_CONTINUE = NO;
				GCC_GENERATE_DEBUGGING_SYMBOLS = NO;
				INSTALL_PATH = "$(HOME)/bin";
				PRODUCT_NAME = ntupleTest;
				ZERO_LINK = NO;
			};
			name = Deployment;
		};
		C4DF81060AFA92D600BAF0BD /* Default */ = {
			isa = XCBuildConfiguration;
			buildSettings = {
				GCC_GENERATE_DEBUGGING_SYMBOLS = NO;
				INSTALL_PATH = "$(HOME)/bin";
				PRODUCT_NAME = ntupleTest;
			};
			name = Default;
		};
		C4DF81080AFA92D600BAF0BD /* Development */ = {
			isa = XCBuildConfiguration;
			buildSettings = {
				GCC_PREPROCESSOR_DEFINITIONS = (
					mac_osx,
					"DEBUG=3",
				);
			};
			name = Development;
		};
		C4DF81090AFA92D600BAF0BD /* Deployment */ = {
			isa = XCBuildConfiguration;
			buildSettings = {
				GCC_PREPROCESSOR_DEFINITIONS = mac_osx;
			};
			name = Deployment;
		};
		C4DF810A0AFA92D600BAF0BD /* Default */ = {
			isa = XCBuildConfiguration;
			buildSettings = {
				GCC_PREPROCESSOR_DEFINITIONS = (
					mac_osx,
					"DEBUG=3",
				);
			};
			name = Default;
		};
/* End XCBuildConfiguration section */

/* Begin XCConfigurationList section */
		C4DF81030AFA92D600BAF0BD /* Build configuration list for PBXNativeTarget "ntupleTest" */ = {
			isa = XCConfigurationList;
			buildConfigurations = (
				C4DF81040AFA92D600BAF0BD /* Development */,
				C4DF81050AFA92D600BAF0BD /* Deployment */,
				C4DF81060AFA92D600BAF0BD /* Default */,
			);
			defaultConfigurationIsVisible = 0;
			defaultConfigurationName = Default;
		};
		C4DF81070AFA92D600BAF0BD /* Build configuration list for PBXProject "ntupleTest" */ = {
			isa = XCConfigurationList;
			buildConfigurations = (
				C4DF81080AFA92D600BAF0BD /* Development */,
				C4DF81090AFA92D600BAF0BD /* Deployment */,
				C4DF810A0AFA92D600BAF0BD /* Default */,
			);
			defaultConfigurationIsVisible = 0;
			defaultConfigurationName = Default;
		};
/* End XCConfigurationList section */
	};
	rootObject = 08FB7793FE84155DC02AAC07 /* Project object */;
}
