// !$*UTF8*$!
{
	archiveVersion = 1;
	classes = {
	};
	objectVersion = 42;
	objects = {

/* Begin PBXBuildFile section */
		8DD76F6A0486A84900D96B5E /* polyhedronTest.1 in CopyFiles */ = {isa = PBXBuildFile; fileRef = C6859E8B029090EE04C91782 /* polyhedronTest.1 */; };
		C42128E50E33F7660070A53C /* GLUT.framework in Frameworks */ = {isa = PBXBuildFile; fileRef = C42128E40E33F7660070A53C /* GLUT.framework */; };
		C42128E90E33F78A0070A53C /* OpenGL.framework in Frameworks */ = {isa = PBXBuildFile; fileRef = C42128E80E33F78A0070A53C /* OpenGL.framework */; };
		C42C99520B86C7A7000F6E23 /* debug.h in CopyFiles */ = {isa = PBXBuildFile; fileRef = C42C994F0B86C7A7000F6E23 /* debug.h */; };
		C42C99530B86C7A7000F6E23 /* ntuple.h in CopyFiles */ = {isa = PBXBuildFile; fileRef = C42C99500B86C7A7000F6E23 /* ntuple.h */; };
		C42C99540B86C7A7000F6E23 /* polyhedron.h in CopyFiles */ = {isa = PBXBuildFile; fileRef = C42C99510B86C7A7000F6E23 /* polyhedron.h */; };
		C4DF810E0AFA930100BAF0BD /* main.cc in Sources */ = {isa = PBXBuildFile; fileRef = C4DF810D0AFA930100BAF0BD /* main.cc */; };
		C4DF81100AFA938C00BAF0BD /* libstdc++.6.dylib in CopyFiles */ = {isa = PBXBuildFile; fileRef = C4DF810F0AFA938C00BAF0BD /* libstdc++.6.dylib */; };
/* End PBXBuildFile section */

/* Begin PBXCopyFilesBuildPhase section */
		8DD76F690486A84900D96B5E /* CopyFiles */ = {
			isa = PBXCopyFilesBuildPhase;
			buildActionMask = 8;
			dstPath = /usr/share/man/man1/;
			dstSubfolderSpec = 0;
			files = (
				8DD76F6A0486A84900D96B5E /* polyhedronTest.1 in CopyFiles */,
				C4DF81100AFA938C00BAF0BD /* libstdc++.6.dylib in CopyFiles */,
				C42C99520B86C7A7000F6E23 /* debug.h in CopyFiles */,
				C42C99530B86C7A7000F6E23 /* ntuple.h in CopyFiles */,
				C42C99540B86C7A7000F6E23 /* polyhedron.h in CopyFiles */,
			);
			runOnlyForDeploymentPostprocessing = 1;
		};
/* End PBXCopyFilesBuildPhase section */

/* Begin PBXFileReference section */
		8DD76F6C0486A84900D96B5E /* polyhedronTest */ = {isa = PBXFileReference; explicitFileType = "compiled.mach-o.executable"; includeInIndex = 0; path = polyhedronTest; sourceTree = BUILT_PRODUCTS_DIR; };
		C42128BF0E315A370070A53C /* env.h */ = {isa = PBXFileReference; fileEncoding = 4; lastKnownFileType = sourcecode.c.h; name = env.h; path = ../../env.h; sourceTree = SOURCE_ROOT; };
		C42128E40E33F7660070A53C /* GLUT.framework */ = {isa = PBXFileReference; lastKnownFileType = wrapper.framework; name = GLUT.framework; path = SDKs/MacOSX10.5.sdk/System/Library/Frameworks/GLUT.framework; sourceTree = SYSTEM_DEVELOPER_DIR; };
		C42128E80E33F78A0070A53C /* OpenGL.framework */ = {isa = PBXFileReference; lastKnownFileType = wrapper.framework; name = OpenGL.framework; path = SDKs/MacOSX10.5.sdk/System/Library/Frameworks/OpenGL.framework; sourceTree = SYSTEM_DEVELOPER_DIR; };
		C42C994F0B86C7A7000F6E23 /* debug.h */ = {isa = PBXFileReference; fileEncoding = 30; lastKnownFileType = sourcecode.c.h; name = debug.h; path = ../../debug.h; sourceTree = SOURCE_ROOT; };
		C42C99500B86C7A7000F6E23 /* ntuple.h */ = {isa = PBXFileReference; fileEncoding = 30; lastKnownFileType = sourcecode.c.h; name = ntuple.h; path = ../../ntuple.h; sourceTree = SOURCE_ROOT; };
		C42C99510B86C7A7000F6E23 /* polyhedron.h */ = {isa = PBXFileReference; fileEncoding = 30; lastKnownFileType = sourcecode.c.h; name = polyhedron.h; path = ../../polyhedron.h; sourceTree = SOURCE_ROOT; };
		C42C9BC80B89240D000F6E23 /* convexHull */ = {isa = PBXFileReference; explicitFileType = "compiled.mach-o.executable"; includeInIndex = 0; path = convexHull; sourceTree = BUILT_PRODUCTS_DIR; };
		C4DF810D0AFA930100BAF0BD /* main.cc */ = {isa = PBXFileReference; fileEncoding = 30; lastKnownFileType = sourcecode.cpp.cpp; path = main.cc; sourceTree = "<group>"; };
		C4DF810F0AFA938C00BAF0BD /* libstdc++.6.dylib */ = {isa = PBXFileReference; lastKnownFileType = "compiled.mach-o"; name = "libstdc++.6.dylib"; path = "/Developer/SDKs/MacOSX10.5.sdk/usr/lib/libstdc++.6.dylib"; sourceTree = "<absolute>"; };
		C6859E8B029090EE04C91782 /* polyhedronTest.1 */ = {isa = PBXFileReference; lastKnownFileType = text.man; path = polyhedronTest.1; sourceTree = "<group>"; };
/* End PBXFileReference section */

/* Begin PBXFrameworksBuildPhase section */
		8DD76F660486A84900D96B5E /* Frameworks */ = {
			isa = PBXFrameworksBuildPhase;
			buildActionMask = 2147483647;
			files = (
				C42128E50E33F7660070A53C /* GLUT.framework in Frameworks */,
				C42128E90E33F78A0070A53C /* OpenGL.framework in Frameworks */,
			);
			runOnlyForDeploymentPostprocessing = 0;
		};
		C42C9BC60B89240C000F6E23 /* Frameworks */ = {
			isa = PBXFrameworksBuildPhase;
			buildActionMask = 2147483647;
			files = (
			);
			runOnlyForDeploymentPostprocessing = 0;
		};
/* End PBXFrameworksBuildPhase section */

/* Begin PBXGroup section */
		0249A662FF388D9811CA2CEA /* External Frameworks and Libraries */ = {
			isa = PBXGroup;
			children = (
				C42128E80E33F78A0070A53C /* OpenGL.framework */,
				C42128E40E33F7660070A53C /* GLUT.framework */,
				C4DF810F0AFA938C00BAF0BD /* libstdc++.6.dylib */,
			);
			name = "External Frameworks and Libraries";
			sourceTree = "<group>";
		};
		08FB7794FE84155DC02AAC07 /* polyhedronTest */ = {
			isa = PBXGroup;
			children = (
				08FB7795FE84155DC02AAC07 /* Source */,
				C6859E8C029090F304C91782 /* Documentation */,
				0249A662FF388D9811CA2CEA /* External Frameworks and Libraries */,
				1AB674ADFE9D54B511CA2CBB /* Products */,
			);
			name = polyhedronTest;
			sourceTree = "<group>";
		};
		08FB7795FE84155DC02AAC07 /* Source */ = {
			isa = PBXGroup;
			children = (
				C42128BF0E315A370070A53C /* env.h */,
				C42C994F0B86C7A7000F6E23 /* debug.h */,
				C42C99500B86C7A7000F6E23 /* ntuple.h */,
				C42C99510B86C7A7000F6E23 /* polyhedron.h */,
				C4DF810D0AFA930100BAF0BD /* main.cc */,
			);
			name = Source;
			sourceTree = "<group>";
		};
		1AB674ADFE9D54B511CA2CBB /* Products */ = {
			isa = PBXGroup;
			children = (
				8DD76F6C0486A84900D96B5E /* polyhedronTest */,
				C42C9BC80B89240D000F6E23 /* convexHull */,
			);
			name = Products;
			sourceTree = "<group>";
		};
		C6859E8C029090F304C91782 /* Documentation */ = {
			isa = PBXGroup;
			children = (
				C6859E8B029090EE04C91782 /* polyhedronTest.1 */,
			);
			name = Documentation;
			sourceTree = "<group>";
		};
/* End PBXGroup section */

/* Begin PBXNativeTarget section */
		8DD76F620486A84900D96B5E /* polyhedronTest */ = {
			isa = PBXNativeTarget;
			buildConfigurationList = C4DF81030AFA92D600BAF0BD /* Build configuration list for PBXNativeTarget "polyhedronTest" */;
			buildPhases = (
				8DD76F640486A84900D96B5E /* Sources */,
				8DD76F660486A84900D96B5E /* Frameworks */,
				8DD76F690486A84900D96B5E /* CopyFiles */,
			);
			buildRules = (
			);
			dependencies = (
			);
			name = polyhedronTest;
			productInstallPath = "$(HOME)/bin";
			productName = polyhedronTest;
			productReference = 8DD76F6C0486A84900D96B5E /* polyhedronTest */;
			productType = "com.apple.product-type.tool";
		};
		C42C9BC70B89240C000F6E23 /* convexHull */ = {
			isa = PBXNativeTarget;
			buildConfigurationList = C42C9BCA0B89242D000F6E23 /* Build configuration list for PBXNativeTarget "convexHull" */;
			buildPhases = (
				C42C9BC50B89240C000F6E23 /* Sources */,
				C42C9BC60B89240C000F6E23 /* Frameworks */,
			);
			buildRules = (
			);
			dependencies = (
			);
			name = convexHull;
			productName = convexHull;
			productReference = C42C9BC80B89240D000F6E23 /* convexHull */;
			productType = "com.apple.product-type.tool";
		};
/* End PBXNativeTarget section */

/* Begin PBXProject section */
		08FB7793FE84155DC02AAC07 /* Project object */ = {
			isa = PBXProject;
			buildConfigurationList = C4DF81070AFA92D600BAF0BD /* Build configuration list for PBXProject "polyhedronTest" */;
			compatibilityVersion = "Xcode 2.4";
			hasScannedForEncodings = 1;
			mainGroup = 08FB7794FE84155DC02AAC07 /* polyhedronTest */;
			projectDirPath = "";
			projectRoot = "";
			targets = (
				8DD76F620486A84900D96B5E /* polyhedronTest */,
				C42C9BC70B89240C000F6E23 /* convexHull */,
			);
		};
/* End PBXProject section */

/* Begin PBXSourcesBuildPhase section */
		8DD76F640486A84900D96B5E /* Sources */ = {
			isa = PBXSourcesBuildPhase;
			buildActionMask = 2147483647;
			files = (
				C4DF810E0AFA930100BAF0BD /* main.cc in Sources */,
			);
			runOnlyForDeploymentPostprocessing = 0;
		};
		C42C9BC50B89240C000F6E23 /* Sources */ = {
			isa = PBXSourcesBuildPhase;
			buildActionMask = 2147483647;
			files = (
			);
			runOnlyForDeploymentPostprocessing = 0;
		};
/* End PBXSourcesBuildPhase section */

/* Begin XCBuildConfiguration section */
		C42C9BCB0B89242D000F6E23 /* Development */ = {
			isa = XCBuildConfiguration;
			buildSettings = {
				COPY_PHASE_STRIP = NO;
				GCC_DYNAMIC_NO_PIC = NO;
				GCC_ENABLE_FIX_AND_CONTINUE = YES;
				GCC_GENERATE_DEBUGGING_SYMBOLS = YES;
				GCC_MODEL_TUNING = G5;
				GCC_OPTIMIZATION_LEVEL = 0;
				INSTALL_PATH = "$(HOME)/bin";
				PREBINDING = NO;
				PRODUCT_NAME = convexHull;
				ZERO_LINK = YES;
			};
			name = Development;
		};
		C42C9BCC0B89242D000F6E23 /* Deployment */ = {
			isa = XCBuildConfiguration;
			buildSettings = {
				COPY_PHASE_STRIP = YES;
				GCC_ENABLE_FIX_AND_CONTINUE = NO;
				GCC_GENERATE_DEBUGGING_SYMBOLS = NO;
				GCC_MODEL_TUNING = G5;
				INSTALL_PATH = "$(HOME)/bin";
				PREBINDING = NO;
				PRODUCT_NAME = convexHull;
				ZERO_LINK = NO;
			};
			name = Deployment;
		};
		C42C9BCD0B89242D000F6E23 /* Default */ = {
			isa = XCBuildConfiguration;
			buildSettings = {
				GCC_ENABLE_FIX_AND_CONTINUE = YES;
				GCC_MODEL_TUNING = G5;
				INSTALL_PATH = "$(HOME)/bin";
				PREBINDING = NO;
				PRODUCT_NAME = convexHull;
				ZERO_LINK = YES;
			};
			name = Default;
		};
		C4DF81040AFA92D600BAF0BD /* Development */ = {
			isa = XCBuildConfiguration;
			buildSettings = {
				COPY_PHASE_STRIP = NO;
				FRAMEWORK_SEARCH_PATHS = (
					"$(inherited)",
					"$(FRAMEWORK_SEARCH_PATHS_QUOTED_FOR_TARGET_1)",
				);
				FRAMEWORK_SEARCH_PATHS_QUOTED_FOR_TARGET_1 = "\"$(DEVELOPER_DIR)/SDKs/MacOSX10.5.sdk/System/Library/Frameworks\"";
				GCC_DYNAMIC_NO_PIC = NO;
				GCC_ENABLE_FIX_AND_CONTINUE = YES;
				GCC_GENERATE_DEBUGGING_SYMBOLS = YES;
				GCC_OPTIMIZATION_LEVEL = 0;
				INSTALL_PATH = "$(HOME)/bin";
				PRODUCT_NAME = polyhedronTest;
				ZERO_LINK = YES;
			};
			name = Development;
		};
		C4DF81050AFA92D600BAF0BD /* Deployment */ = {
			isa = XCBuildConfiguration;
			buildSettings = {
				COPY_PHASE_STRIP = YES;
				FRAMEWORK_SEARCH_PATHS = (
					"$(inherited)",
					"$(FRAMEWORK_SEARCH_PATHS_QUOTED_1)",
				);
				FRAMEWORK_SEARCH_PATHS_QUOTED_1 = "\"$(DEVELOPER_DIR)/SDKs/MacOSX10.5.sdk/System/Library/Frameworks\"";
				GCC_ENABLE_FIX_AND_CONTINUE = NO;
				GCC_GENERATE_DEBUGGING_SYMBOLS = NO;
				INSTALL_PATH = "$(HOME)/bin";
				PRODUCT_NAME = polyhedronTest;
				ZERO_LINK = NO;
			};
			name = Deployment;
		};
		C4DF81060AFA92D600BAF0BD /* Default */ = {
			isa = XCBuildConfiguration;
			buildSettings = {
				FRAMEWORK_SEARCH_PATHS = (
					"$(inherited)",
					"$(FRAMEWORK_SEARCH_PATHS_QUOTED_1)",
				);
				FRAMEWORK_SEARCH_PATHS_QUOTED_1 = "\"$(DEVELOPER_DIR)/SDKs/MacOSX10.5.sdk/System/Library/Frameworks\"";
				GCC_GENERATE_DEBUGGING_SYMBOLS = NO;
				INSTALL_PATH = "$(HOME)/bin";
				PRODUCT_NAME = polyhedronTest;
			};
			name = Default;
		};
		C4DF81080AFA92D600BAF0BD /* Development */ = {
			isa = XCBuildConfiguration;
			buildSettings = {
				GCC_PREPROCESSOR_DEFINITIONS = (
					mac_osx,
					"DEBUG=3",
				);
			};
			name = Development;
		};
		C4DF81090AFA92D600BAF0BD /* Deployment */ = {
			isa = XCBuildConfiguration;
			buildSettings = {
				GCC_PREPROCESSOR_DEFINITIONS = mac_osx;
			};
			name = Deployment;
		};
		C4DF810A0AFA92D600BAF0BD /* Default */ = {
			isa = XCBuildConfiguration;
			buildSettings = {
				GCC_PREPROCESSOR_DEFINITIONS = (
					mac_osx,
					"DEBUG=3",
				);
			};
			name = Default;
		};
/* End XCBuildConfiguration section */

/* Begin XCConfigurationList section */
		C42C9BCA0B89242D000F6E23 /* Build configuration list for PBXNativeTarget "convexHull" */ = {
			isa = XCConfigurationList;
			buildConfigurations = (
				C42C9BCB0B89242D000F6E23 /* Development */,
				C42C9BCC0B89242D000F6E23 /* Deployment */,
				C42C9BCD0B89242D000F6E23 /* Default */,
			);
			defaultConfigurationIsVisible = 0;
			defaultConfigurationName = Default;
		};
		C4DF81030AFA92D600BAF0BD /* Build configuration list for PBXNativeTarget "polyhedronTest" */ = {
			isa = XCConfigurationList;
			buildConfigurations = (
				C4DF81040AFA92D600BAF0BD /* Development */,
				C4DF81050AFA92D600BAF0BD /* Deployment */,
				C4DF81060AFA92D600BAF0BD /* Default */,
			);
			defaultConfigurationIsVisible = 0;
			defaultConfigurationName = Default;
		};
		C4DF81070AFA92D600BAF0BD /* Build configuration list for PBXProject "polyhedronTest" */ = {
			isa = XCConfigurationList;
			buildConfigurations = (
				C4DF81080AFA92D600BAF0BD /* Development */,
				C4DF81090AFA92D600BAF0BD /* Deployment */,
				C4DF810A0AFA92D600BAF0BD /* Default */,
			);
			defaultConfigurationIsVisible = 0;
			defaultConfigurationName = Default;
		};
/* End XCConfigurationList section */
	};
	rootObject = 08FB7793FE84155DC02AAC07 /* Project object */;
}
